
Microsoft Visual Studio Solution File, Format Version 12.00
# Visual Studio 15
VisualStudioVersion = 15.0.28010.2048
MinimumVisualStudioVersion = 10.0.40219.1
Project("{FAE04EC0-301F-11D3-BF4B-00C04F79EFBC}") = "WebApplication1", "WebApplication1\WebApplication1.csproj", "{97DBF77F-702B-4A2D-95D9-BB0FDC80FE93}"
EndProject
Global
	GlobalSection(SolutionConfigurationPlatforms) = preSolution
		Debug|Any CPU = Debug|Any CPU
		Release|Any CPU = Release|Any CPU
	EndGlobalSection
	GlobalSection(ProjectConfigurationPlatforms) = postSolution
		{97DBF77F-702B-4A2D-95D9-BB0FDC80FE93}.Debug|Any CPU.ActiveCfg = Debug|Any CPU
		{97DBF77F-702B-4A2D-95D9-BB0FDC80FE93}.Debug|Any CPU.Build.0 = Debug|Any CPU
		{97DBF77F-702B-4A2D-95D9-BB0FDC80FE93}.Release|Any CPU.ActiveCfg = Release|Any CPU
		{97DBF77F-702B-4A2D-95D9-BB0FDC80FE93}.Release|Any CPU.Build.0 = Release|Any CPU
	EndGlobalSection
	GlobalSection(SolutionProperties) = preSolution
		HideSolutionNode = FALSE
	EndGlobalSection
	GlobalSection(ExtensibilityGlobals) = postSolution
		SolutionGuid = {D85DAA57-5921-4606-BBC0-419E21057482}
	EndGlobalSection
EndGlobal
